PODS:
  - EVContactsPicker (0.1.32)

DEPENDENCIES:
  - EVContactsPicker (from `../`)

EXTERNAL SOURCES:
  EVContactsPicker:
    :path: "../"

SPEC CHECKSUMS:
  EVContactsPicker: 06a620fd67dffeea2776e75fc5acca86cd981c47

PODFILE CHECKSUM: 1f5da1cc49d80883f8c579004256ed0038667cff

COCOAPODS: 1.1.0.beta.1
